// !$*UTF8*$!
{
	archiveVersion = 1;
	classes = {
	};
	objectVersion = 50;
	objects = {

/* Begin PBXBuildFile section */
		575AD6F726480EF400E6AD6C /* AppDelegate.swift in Sources */ = {isa = PBXBuildFile; fileRef = 575AD6F626480EF400E6AD6C /* AppDelegate.swift */; };
		575AD6F926480EF400E6AD6C /* SceneDelegate.swift in Sources */ = {isa = PBXBuildFile; fileRef = 575AD6F826480EF400E6AD6C /* SceneDelegate.swift */; };
		575AD6FB26480EF400E6AD6C /* VC.swift in Sources */ = {isa = PBXBuildFile; fileRef = 575AD6FA26480EF400E6AD6C /* VC.swift */; };
		575AD6FE26480EF400E6AD6C /* Main.storyboard in Resources */ = {isa = PBXBuildFile; fileRef = 575AD6FC26480EF400E6AD6C /* Main.storyboard */; };
		575AD70026480EF400E6AD6C /* Assets.xcassets in Resources */ = {isa = PBXBuildFile; fileRef = 575AD6FF26480EF400E6AD6C /* Assets.xcassets */; };
		575AD70326480EF400E6AD6C /* LaunchScreen.storyboard in Resources */ = {isa = PBXBuildFile; fileRef = 575AD70126480EF400E6AD6C /* LaunchScreen.storyboard */; };
		575AD70C26480F1C00E6AD6C /* UserModel.swift in Sources */ = {isa = PBXBuildFile; fileRef = 575AD70B26480F1C00E6AD6C /* UserModel.swift */; };
		57C1086326485F1E0029E6B0 /* SqlTableViewCell.swift in Sources */ = {isa = PBXBuildFile; fileRef = 57C1086226485F1E0029E6B0 /* SqlTableViewCell.swift */; };
		57C10868264890C40029E6B0 /* VCPresenter.swift in Sources */ = {isa = PBXBuildFile; fileRef = 57C10867264890C40029E6B0 /* VCPresenter.swift */; };
		57C1086B264891450029E6B0 /* VCProtocols.swift in Sources */ = {isa = PBXBuildFile; fileRef = 57C1086A264891450029E6B0 /* VCProtocols.swift */; };
/* End PBXBuildFile section */

/* Begin PBXFileReference section */
		575AD6F326480EF400E6AD6C /* Sqlite_CRUD.app */ = {isa = PBXFileReference; explicitFileType = wrapper.application; includeInIndex = 0; path = Sqlite_CRUD.app; sourceTree = BUILT_PRODUCTS_DIR; };
		575AD6F626480EF400E6AD6C /* AppDelegate.swift */ = {isa = PBXFileReference; lastKnownFileType = sourcecode.swift; path = AppDelegate.swift; sourceTree = "<group>"; };
		575AD6F826480EF400E6AD6C /* SceneDelegate.swift */ = {isa = PBXFileReference; lastKnownFileType = sourcecode.swift; path = SceneDelegate.swift; sourceTree = "<group>"; };
		575AD6FA26480EF400E6AD6C /* VC.swift */ = {isa = PBXFileReference; lastKnownFileType = sourcecode.swift; path = VC.swift; sourceTree = "<group>"; };
		575AD6FD26480EF400E6AD6C /* Base */ = {isa = PBXFileReference; lastKnownFileType = file.storyboard; name = Base; path = Base.lproj/Main.storyboard; sourceTree = "<group>"; };
		575AD6FF26480EF400E6AD6C /* Assets.xcassets */ = {isa = PBXFileReference; lastKnownFileType = folder.assetcatalog; path = Assets.xcassets; sourceTree = "<group>"; };
		575AD70226480EF400E6AD6C /* Base */ = {isa = PBXFileReference; lastKnownFileType = file.storyboard; name = Base; path = Base.lproj/LaunchScreen.storyboard; sourceTree = "<group>"; };
		575AD70426480EF400E6AD6C /* Info.plist */ = {isa = PBXFileReference; lastKnownFileType = text.plist.xml; path = Info.plist; sourceTree = "<group>"; };
		575AD70B26480F1C00E6AD6C /* UserModel.swift */ = {isa = PBXFileReference; lastKnownFileType = sourcecode.swift; path = UserModel.swift; sourceTree = "<group>"; };
		57C1086226485F1E0029E6B0 /* SqlTableViewCell.swift */ = {isa = PBXFileReference; lastKnownFileType = sourcecode.swift; path = SqlTableViewCell.swift; sourceTree = "<group>"; };
		57C10867264890C40029E6B0 /* VCPresenter.swift */ = {isa = PBXFileReference; lastKnownFileType = sourcecode.swift; path = VCPresenter.swift; sourceTree = "<group>"; };
		57C1086A264891450029E6B0 /* VCProtocols.swift */ = {isa = PBXFileReference; lastKnownFileType = sourcecode.swift; path = VCProtocols.swift; sourceTree = "<group>"; };
/* End PBXFileReference section */

/* Begin PBXFrameworksBuildPhase section */
		575AD6F026480EF400E6AD6C /* Frameworks */ = {
			isa = PBXFrameworksBuildPhase;
			buildActionMask = 2147483647;
			files = (
			);
			runOnlyForDeploymentPostprocessing = 0;
		};
/* End PBXFrameworksBuildPhase section */

/* Begin PBXGroup section */
		575AD6EA26480EF400E6AD6C = {
			isa = PBXGroup;
			children = (
				575AD6F526480EF400E6AD6C /* Sqlite_CRUD */,
				575AD6F426480EF400E6AD6C /* Products */,
			);
			sourceTree = "<group>";
		};
		575AD6F426480EF400E6AD6C /* Products */ = {
			isa = PBXGroup;
			children = (
				575AD6F326480EF400E6AD6C /* Sqlite_CRUD.app */,
			);
			name = Products;
			sourceTree = "<group>";
		};
		575AD6F526480EF400E6AD6C /* Sqlite_CRUD */ = {
			isa = PBXGroup;
			children = (
				57C10865264890890029E6B0 /* Storayborad */,
				57C10864264890790029E6B0 /* View */,
				57C10866264890930029E6B0 /* Presenter */,
				575AD70A26480F0D00E6AD6C /* Model */,
				575AD6F626480EF400E6AD6C /* AppDelegate.swift */,
				575AD6F826480EF400E6AD6C /* SceneDelegate.swift */,
				575AD6FF26480EF400E6AD6C /* Assets.xcassets */,
				575AD70126480EF400E6AD6C /* LaunchScreen.storyboard */,
				575AD70426480EF400E6AD6C /* Info.plist */,
			);
			path = Sqlite_CRUD;
			sourceTree = "<group>";
		};
		575AD70A26480F0D00E6AD6C /* Model */ = {
			isa = PBXGroup;
			children = (
				575AD70B26480F1C00E6AD6C /* UserModel.swift */,
			);
			path = Model;
			sourceTree = "<group>";
		};
		57C10864264890790029E6B0 /* View */ = {
			isa = PBXGroup;
			children = (
				575AD6FA26480EF400E6AD6C /* VC.swift */,
				57C1086C264891880029E6B0 /* TableviewCell */,
			);
			path = View;
			sourceTree = "<group>";
		};
		57C10865264890890029E6B0 /* Storayborad */ = {
			isa = PBXGroup;
			children = (
				575AD6FC26480EF400E6AD6C /* Main.storyboard */,
			);
			path = Storayborad;
			sourceTree = "<group>";
		};
		57C10866264890930029E6B0 /* Presenter */ = {
			isa = PBXGroup;
			children = (
				57C10867264890C40029E6B0 /* VCPresenter.swift */,
				57C1086A264891450029E6B0 /* VCProtocols.swift */,
			);
			path = Presenter;
			sourceTree = "<group>";
		};
		57C1086C264891880029E6B0 /* TableviewCell */ = {
			isa = PBXGroup;
			children = (
				57C1086226485F1E0029E6B0 /* SqlTableViewCell.swift */,
			);
			path = TableviewCell;
			sourceTree = "<group>";
		};
/* End PBXGroup section */

/* Begin PBXNativeTarget section */
		575AD6F226480EF400E6AD6C /* Sqlite_CRUD */ = {
			isa = PBXNativeTarget;
			buildConfigurationList = 575AD70726480EF400E6AD6C /* Build configuration list for PBXNativeTarget "Sqlite_CRUD" */;
			buildPhases = (
				575AD6EF26480EF400E6AD6C /* Sources */,
				575AD6F026480EF400E6AD6C /* Frameworks */,
				575AD6F126480EF400E6AD6C /* Resources */,
			);
			buildRules = (
			);
			dependencies = (
			);
			name = Sqlite_CRUD;
			productName = Sqlite_CRUD;
			productReference = 575AD6F326480EF400E6AD6C /* Sqlite_CRUD.app */;
			productType = "com.apple.product-type.application";
		};
/* End PBXNativeTarget section */

/* Begin PBXProject section */
		575AD6EB26480EF400E6AD6C /* Project object */ = {
			isa = PBXProject;
			attributes = {
				LastSwiftUpdateCheck = 1250;
				LastUpgradeCheck = 1250;
				TargetAttributes = {
					575AD6F226480EF400E6AD6C = {
						CreatedOnToolsVersion = 12.5;
					};
				};
			};
			buildConfigurationList = 575AD6EE26480EF400E6AD6C /* Build configuration list for PBXProject "Sqlite_CRUD" */;
			compatibilityVersion = "Xcode 9.3";
			developmentRegion = en;
			hasScannedForEncodings = 0;
			knownRegions = (
				en,
				Base,
			);
			mainGroup = 575AD6EA26480EF400E6AD6C;
			productRefGroup = 575AD6F426480EF400E6AD6C /* Products */;
			projectDirPath = "";
			projectRoot = "";
			targets = (
				575AD6F226480EF400E6AD6C /* Sqlite_CRUD */,
			);
		};
/* End PBXProject section */

/* Begin PBXResourcesBuildPhase section */
		575AD6F126480EF400E6AD6C /* Resources */ = {
			isa = PBXResourcesBuildPhase;
			buildActionMask = 2147483647;
			files = (
				575AD70326480EF400E6AD6C /* LaunchScreen.storyboard in Resources */,
				575AD70026480EF400E6AD6C /* Assets.xcassets in Resources */,
				575AD6FE26480EF400E6AD6C /* Main.storyboard in Resources */,
			);
			runOnlyForDeploymentPostprocessing = 0;
		};
/* End PBXResourcesBuildPhase section */

/* Begin PBXSourcesBuildPhase section */
		575AD6EF26480EF400E6AD6C /* Sources */ = {
			isa = PBXSourcesBuildPhase;
			buildActionMask = 2147483647;
			files = (
				575AD6FB26480EF400E6AD6C /* VC.swift in Sources */,
				57C1086326485F1E0029E6B0 /* SqlTableViewCell.swift in Sources */,
				575AD6F726480EF400E6AD6C /* AppDelegate.swift in Sources */,
				575AD70C26480F1C00E6AD6C /* UserModel.swift in Sources */,
				575AD6F926480EF400E6AD6C /* SceneDelegate.swift in Sources */,
				57C1086B264891450029E6B0 /* VCProtocols.swift in Sources */,
				57C10868264890C40029E6B0 /* VCPresenter.swift in Sources */,
			);
			runOnlyForDeploymentPostprocessing = 0;
		};
/* End PBXSourcesBuildPhase section */

/* Begin PBXVariantGroup section */
		575AD6FC26480EF400E6AD6C /* Main.storyboard */ = {
			isa = PBXVariantGroup;
			children = (
				575AD6FD26480EF400E6AD6C /* Base */,
			);
			name = Main.storyboard;
			sourceTree = "<group>";
		};
		575AD70126480EF400E6AD6C /* LaunchScreen.storyboard */ = {
			isa = PBXVariantGroup;
			children = (
				575AD70226480EF400E6AD6C /* Base */,
			);
			name = LaunchScreen.storyboard;
			sourceTree = "<group>";
		};
/* End PBXVariantGroup section */

/* Begin XCBuildConfiguration section */
		575AD70526480EF400E6AD6C /* Debug */ = {
			isa = XCBuildConfiguration;
			buildSettings = {
				ALWAYS_SEARCH_USER_PATHS = NO;
				CLANG_ANALYZER_NONNULL = YES;
				CLANG_ANALYZER_NUMBER_OBJECT_CONVERSION = YES_AGGRESSIVE;
				CLANG_CXX_LANGUAGE_STANDARD = "gnu++14";
				CLANG_CXX_LIBRARY = "libc++";
				CLANG_ENABLE_MODULES = YES;
				CLANG_ENABLE_OBJC_ARC = YES;
				CLANG_ENABLE_OBJC_WEAK = YES;
				CLANG_WARN_BLOCK_CAPTURE_AUTORELEASING = YES;
				CLANG_WARN_BOOL_CONVERSION = YES;
				CLANG_WARN_COMMA = YES;
				CLANG_WARN_CONSTANT_CONVERSION = YES;
				CLANG_WARN_DEPRECATED_OBJC_IMPLEMENTATIONS = YES;
				CLANG_WARN_DIRECT_OBJC_ISA_USAGE = YES_ERROR;
				CLANG_WARN_DOCUMENTATION_COMMENTS = YES;
				CLANG_WARN_EMPTY_BODY = YES;
				CLANG_WARN_ENUM_CONVERSION = YES;
				CLANG_WARN_INFINITE_RECURSION = YES;
				CLANG_WARN_INT_CONVERSION = YES;
				CLANG_WARN_NON_LITERAL_NULL_CONVERSION = YES;
				CLANG_WARN_OBJC_IMPLICIT_RETAIN_SELF = YES;
				CLANG_WARN_OBJC_LITERAL_CONVERSION = YES;
				CLANG_WARN_OBJC_ROOT_CLASS = YES_ERROR;
				CLANG_WARN_QUOTED_INCLUDE_IN_FRAMEWORK_HEADER = YES;
				CLANG_WARN_RANGE_LOOP_ANALYSIS = YES;
				CLANG_WARN_STRICT_PROTOTYPES = YES;
				CLANG_WARN_SUSPICIOUS_MOVE = YES;
				CLANG_WARN_UNGUARDED_AVAILABILITY = YES_AGGRESSIVE;
				CLANG_WARN_UNREACHABLE_CODE = YES;
				CLANG_WARN__DUPLICATE_METHOD_MATCH = YES;
				COPY_PHASE_STRIP = NO;
				DEBUG_INFORMATION_FORMAT = dwarf;
				ENABLE_STRICT_OBJC_MSGSEND = YES;
				ENABLE_TESTABILITY = YES;
				GCC_C_LANGUAGE_STANDARD = gnu11;
				GCC_DYNAMIC_NO_PIC = NO;
				GCC_NO_COMMON_BLOCKS = YES;
				GCC_OPTIMIZATION_LEVEL = 0;
				GCC_PREPROCESSOR_DEFINITIONS = (
					"DEBUG=1",
					"$(inherited)",
				);
				GCC_WARN_64_TO_32_BIT_CONVERSION = YES;
				GCC_WARN_ABOUT_RETURN_TYPE = YES_ERROR;
				GCC_WARN_UNDECLARED_SELECTOR = YES;
				GCC_WARN_UNINITIALIZED_AUTOS = YES_AGGRESSIVE;
				GCC_WARN_UNUSED_FUNCTION = YES;
				GCC_WARN_UNUSED_VARIABLE = YES;
				IPHONEOS_DEPLOYMENT_TARGET = 14.5;
				MTL_ENABLE_DEBUG_INFO = INCLUDE_SOURCE;
				MTL_FAST_MATH = YES;
				ONLY_ACTIVE_ARCH = YES;
				SDKROOT = iphoneos;
				SWIFT_ACTIVE_COMPILATION_CONDITIONS = DEBUG;
				SWIFT_OPTIMIZATION_LEVEL = "-Onone";
			};
			name = Debug;
		};
		575AD70626480EF400E6AD6C /* Release */ = {
			isa = XCBuildConfiguration;
			buildSettings = {
				ALWAYS_SEARCH_USER_PATHS = NO;
				CLANG_ANALYZER_NONNULL = YES;
				CLANG_ANALYZER_NUMBER_OBJECT_CONVERSION = YES_AGGRESSIVE;
				CLANG_CXX_LANGUAGE_STANDARD = "gnu++14";
				CLANG_CXX_LIBRARY = "libc++";
				CLANG_ENABLE_MODULES = YES;
				CLANG_ENABLE_OBJC_ARC = YES;
				CLANG_ENABLE_OBJC_WEAK = YES;
				CLANG_WARN_BLOCK_CAPTURE_AUTORELEASING = YES;
				CLANG_WARN_BOOL_CONVERSION = YES;
				CLANG_WARN_COMMA = YES;
				CLANG_WARN_CONSTANT_CONVERSION = YES;
				CLANG_WARN_DEPRECATED_OBJC_IMPLEMENTATIONS = YES;
				CLANG_WARN_DIRECT_OBJC_ISA_USAGE = YES_ERROR;
				CLANG_WARN_DOCUMENTATION_COMMENTS = YES;
				CLANG_WARN_EMPTY_BODY = YES;
				CLANG_WARN_ENUM_CONVERSION = YES;
				CLANG_WARN_INFINITE_RECURSION = YES;
				CLANG_WARN_INT_CONVERSION = YES;
				CLANG_WARN_NON_LITERAL_NULL_CONVERSION = YES;
				CLANG_WARN_OBJC_IMPLICIT_RETAIN_SELF = YES;
				CLANG_WARN_OBJC_LITERAL_CONVERSION = YES;
				CLANG_WARN_OBJC_ROOT_CLASS = YES_ERROR;
				CLANG_WARN_QUOTED_INCLUDE_IN_FRAMEWORK_HEADER = YES;
				CLANG_WARN_RANGE_LOOP_ANALYSIS = YES;
				CLANG_WARN_STRICT_PROTOTYPES = YES;
				CLANG_WARN_SUSPICIOUS_MOVE = YES;
				CLANG_WARN_UNGUARDED_AVAILABILITY = YES_AGGRESSIVE;
				CLANG_WARN_UNREACHABLE_CODE = YES;
				CLANG_WARN__DUPLICATE_METHOD_MATCH = YES;
				COPY_PHASE_STRIP = NO;
				DEBUG_INFORMATION_FORMAT = "dwarf-with-dsym";
				ENABLE_NS_ASSERTIONS = NO;
				ENABLE_STRICT_OBJC_MSGSEND = YES;
				GCC_C_LANGUAGE_STANDARD = gnu11;
				GCC_NO_COMMON_BLOCKS = YES;
				GCC_WARN_64_TO_32_BIT_CONVERSION = YES;
				GCC_WARN_ABOUT_RETURN_TYPE = YES_ERROR;
				GCC_WARN_UNDECLARED_SELECTOR = YES;
				GCC_WARN_UNINITIALIZED_AUTOS = YES_AGGRESSIVE;
				GCC_WARN_UNUSED_FUNCTION = YES;
				GCC_WARN_UNUSED_VARIABLE = YES;
				IPHONEOS_DEPLOYMENT_TARGET = 14.5;
				MTL_ENABLE_DEBUG_INFO = NO;
				MTL_FAST_MATH = YES;
				SDKROOT = iphoneos;
				SWIFT_COMPILATION_MODE = wholemodule;
				SWIFT_OPTIMIZATION_LEVEL = "-O";
				VALIDATE_PRODUCT = YES;
			};
			name = Release;
		};
		575AD70826480EF400E6AD6C /* Debug */ = {
			isa = XCBuildConfiguration;
			buildSettings = {
				ASSETCATALOG_COMPILER_APPICON_NAME = AppIcon;
				ASSETCATALOG_COMPILER_GLOBAL_ACCENT_COLOR_NAME = AccentColor;
				CODE_SIGN_STYLE = Automatic;
				DEVELOPMENT_TEAM = BC275ZBJ2Z;
				INFOPLIST_FILE = Sqlite_CRUD/Info.plist;
				LD_RUNPATH_SEARCH_PATHS = (
					"$(inherited)",
					"@executable_path/Frameworks",
				);
				PRODUCT_BUNDLE_IDENTIFIER = "com.isconfig.Sqlite-CRUD";
				PRODUCT_NAME = "$(TARGET_NAME)";
				SWIFT_VERSION = 5.0;
				TARGETED_DEVICE_FAMILY = "1,2";
			};
			name = Debug;
		};
		575AD70926480EF400E6AD6C /* Release */ = {
			isa = XCBuildConfiguration;
			buildSettings = {
				ASSETCATALOG_COMPILER_APPICON_NAME = AppIcon;
				ASSETCATALOG_COMPILER_GLOBAL_ACCENT_COLOR_NAME = AccentColor;
				CODE_SIGN_STYLE = Automatic;
				DEVELOPMENT_TEAM = BC275ZBJ2Z;
				INFOPLIST_FILE = Sqlite_CRUD/Info.plist;
				LD_RUNPATH_SEARCH_PATHS = (
					"$(inherited)",
					"@executable_path/Frameworks",
				);
				PRODUCT_BUNDLE_IDENTIFIER = "com.isconfig.Sqlite-CRUD";
				PRODUCT_NAME = "$(TARGET_NAME)";
				SWIFT_VERSION = 5.0;
				TARGETED_DEVICE_FAMILY = "1,2";
			};
			name = Release;
		};
/* End XCBuildConfiguration section */

/* Begin XCConfigurationList section */
		575AD6EE26480EF400E6AD6C /* Build configuration list for PBXProject "Sqlite_CRUD" */ = {
			isa = XCConfigurationList;
			buildConfigurations = (
				575AD70526480EF400E6AD6C /* Debug */,
				575AD70626480EF400E6AD6C /* Release */,
			);
			defaultConfigurationIsVisible = 0;
			defaultConfigurationName = Release;
		};
		575AD70726480EF400E6AD6C /* Build configuration list for PBXNativeTarget "Sqlite_CRUD" */ = {
			isa = XCConfigurationList;
			buildConfigurations = (
				575AD70826480EF400E6AD6C /* Debug */,
				575AD70926480EF400E6AD6C /* Release */,
			);
			defaultConfigurationIsVisible = 0;
			defaultConfigurationName = Release;
		};
/* End XCConfigurationList section */
	};
	rootObject = 575AD6EB26480EF400E6AD6C /* Project object */;
}
